// !$*UTF8*$!
{
	archiveVersion = 1;
	classes = {
	};
	objectVersion = 46;
	objects = {

/* Begin PBXBuildFile section */
		FA0C838E1C340921001FD43F /* AppDelegate.swift in Sources */ = {isa = PBXBuildFile; fileRef = FA0C838D1C340921001FD43F /* AppDelegate.swift */; };
		FA0C83901C340921001FD43F /* ViewController.swift in Sources */ = {isa = PBXBuildFile; fileRef = FA0C838F1C340921001FD43F /* ViewController.swift */; };
		FA0C83931C340921001FD43F /* Main.storyboard in Resources */ = {isa = PBXBuildFile; fileRef = FA0C83911C340921001FD43F /* Main.storyboard */; };
		FA0C83951C340921001FD43F /* Assets.xcassets in Resources */ = {isa = PBXBuildFile; fileRef = FA0C83941C340921001FD43F /* Assets.xcassets */; };
		FA0C83981C340921001FD43F /* LaunchScreen.storyboard in Resources */ = {isa = PBXBuildFile; fileRef = FA0C83961C340921001FD43F /* LaunchScreen.storyboard */; };
		FA0C83A01C340DB3001FD43F /* Roadmap.rtf in Resources */ = {isa = PBXBuildFile; fileRef = FA0C839F1C340DB3001FD43F /* Roadmap.rtf */; };
		FA0C83A21C341B33001FD43F /* PictureBookModel.swift in Sources */ = {isa = PBXBuildFile; fileRef = FA0C83A11C341B33001FD43F /* PictureBookModel.swift */; };
/* End PBXBuildFile section */

/* Begin PBXFileReference section */
		FA0C838A1C340921001FD43F /* PictureBook.app */ = {isa = PBXFileReference; explicitFileType = wrapper.application; includeInIndex = 0; path = PictureBook.app; sourceTree = BUILT_PRODUCTS_DIR; };
		FA0C838D1C340921001FD43F /* AppDelegate.swift */ = {isa = PBXFileReference; lastKnownFileType = sourcecode.swift; path = AppDelegate.swift; sourceTree = "<group>"; };
		FA0C838F1C340921001FD43F /* ViewController.swift */ = {isa = PBXFileReference; lastKnownFileType = sourcecode.swift; path = ViewController.swift; sourceTree = "<group>"; };
		FA0C83921C340921001FD43F /* Base */ = {isa = PBXFileReference; lastKnownFileType = file.storyboard; name = Base; path = Base.lproj/Main.storyboard; sourceTree = "<group>"; };
		FA0C83941C340921001FD43F /* Assets.xcassets */ = {isa = PBXFileReference; lastKnownFileType = folder.assetcatalog; path = Assets.xcassets; sourceTree = "<group>"; };
		FA0C83971C340921001FD43F /* Base */ = {isa = PBXFileReference; lastKnownFileType = file.storyboard; name = Base; path = Base.lproj/LaunchScreen.storyboard; sourceTree = "<group>"; };
		FA0C83991C340921001FD43F /* Info.plist */ = {isa = PBXFileReference; lastKnownFileType = text.plist.xml; path = Info.plist; sourceTree = "<group>"; };
		FA0C839F1C340DB3001FD43F /* Roadmap.rtf */ = {isa = PBXFileReference; fileEncoding = 4; lastKnownFileType = text.rtf; path = Roadmap.rtf; sourceTree = "<group>"; };
		FA0C83A11C341B33001FD43F /* PictureBookModel.swift */ = {isa = PBXFileReference; fileEncoding = 4; lastKnownFileType = sourcecode.swift; path = PictureBookModel.swift; sourceTree = "<group>"; };
/* End PBXFileReference section */

/* Begin PBXFrameworksBuildPhase section */
		FA0C83871C340921001FD43F /* Frameworks */ = {
			isa = PBXFrameworksBuildPhase;
			buildActionMask = 2147483647;
			files = (
			);
			runOnlyForDeploymentPostprocessing = 0;
		};
/* End PBXFrameworksBuildPhase section */

/* Begin PBXGroup section */
		FA0C83811C340921001FD43F = {
			isa = PBXGroup;
			children = (
				FA0C838C1C340921001FD43F /* PictureBook */,
				FA0C838B1C340921001FD43F /* Products */,
			);
			sourceTree = "<group>";
		};
		FA0C838B1C340921001FD43F /* Products */ = {
			isa = PBXGroup;
			children = (
				FA0C838A1C340921001FD43F /* PictureBook.app */,
			);
			name = Products;
			sourceTree = "<group>";
		};
		FA0C838C1C340921001FD43F /* PictureBook */ = {
			isa = PBXGroup;
			children = (
				FA0C838D1C340921001FD43F /* AppDelegate.swift */,
				FA0C838F1C340921001FD43F /* ViewController.swift */,
				FA0C83A11C341B33001FD43F /* PictureBookModel.swift */,
				FA0C83911C340921001FD43F /* Main.storyboard */,
				FA0C83941C340921001FD43F /* Assets.xcassets */,
				FA0C83961C340921001FD43F /* LaunchScreen.storyboard */,
				FA0C83991C340921001FD43F /* Info.plist */,
				FA0C839F1C340DB3001FD43F /* Roadmap.rtf */,
			);
			path = PictureBook;
			sourceTree = "<group>";
		};
/* End PBXGroup section */

/* Begin PBXNativeTarget section */
		FA0C83891C340921001FD43F /* PictureBook */ = {
			isa = PBXNativeTarget;
			buildConfigurationList = FA0C839C1C340921001FD43F /* Build configuration list for PBXNativeTarget "PictureBook" */;
			buildPhases = (
				FA0C83861C340921001FD43F /* Sources */,
				FA0C83871C340921001FD43F /* Frameworks */,
				FA0C83881C340921001FD43F /* Resources */,
			);
			buildRules = (
			);
			dependencies = (
			);
			name = PictureBook;
			productName = PictureBook;
			productReference = FA0C838A1C340921001FD43F /* PictureBook.app */;
			productType = "com.apple.product-type.application";
		};
/* End PBXNativeTarget section */

/* Begin PBXProject section */
		FA0C83821C340921001FD43F /* Project object */ = {
			isa = PBXProject;
			attributes = {
				LastSwiftUpdateCheck = 0720;
				LastUpgradeCheck = 0720;
				ORGANIZATIONNAME = hunglun;
				TargetAttributes = {
					FA0C83891C340921001FD43F = {
						CreatedOnToolsVersion = 7.2;
					};
				};
			};
			buildConfigurationList = FA0C83851C340921001FD43F /* Build configuration list for PBXProject "PictureBook" */;
			compatibilityVersion = "Xcode 3.2";
			developmentRegion = English;
			hasScannedForEncodings = 0;
			knownRegions = (
				en,
				Base,
			);
			mainGroup = FA0C83811C340921001FD43F;
			productRefGroup = FA0C838B1C340921001FD43F /* Products */;
			projectDirPath = "";
			projectRoot = "";
			targets = (
				FA0C83891C340921001FD43F /* PictureBook */,
			);
		};
/* End PBXProject section */

/* Begin PBXResourcesBuildPhase section */
		FA0C83881C340921001FD43F /* Resources */ = {
			isa = PBXResourcesBuildPhase;
			buildActionMask = 2147483647;
			files = (
				FA0C83981C340921001FD43F /* LaunchScreen.storyboard in Resources */,
				FA0C83A01C340DB3001FD43F /* Roadmap.rtf in Resources */,
				FA0C83951C340921001FD43F /* Assets.xcassets in Resources */,
				FA0C83931C340921001FD43F /* Main.storyboard in Resources */,
			);
			runOnlyForDeploymentPostprocessing = 0;
		};
/* End PBXResourcesBuildPhase section */

/* Begin PBXSourcesBuildPhase section */
		FA0C83861C340921001FD43F /* Sources */ = {
			isa = PBXSourcesBuildPhase;
			buildActionMask = 2147483647;
			files = (
				FA0C83A21C341B33001FD43F /* PictureBookModel.swift in Sources */,
				FA0C83901C340921001FD43F /* ViewController.swift in Sources */,
				FA0C838E1C340921001FD43F /* AppDelegate.swift in Sources */,
			);
			runOnlyForDeploymentPostprocessing = 0;
		};
/* End PBXSourcesBuildPhase section */

/* Begin PBXVariantGroup section */
		FA0C83911C340921001FD43F /* Main.storyboard */ = {
			isa = PBXVariantGroup;
			children = (
				FA0C83921C340921001FD43F /* Base */,
			);
			name = Main.storyboard;
			sourceTree = "<group>";
		};
		FA0C83961C340921001FD43F /* LaunchScreen.storyboard */ = {
			isa = PBXVariantGroup;
			children = (
				FA0C83971C340921001FD43F /* Base */,
			);
			name = LaunchScreen.storyboard;
			sourceTree = "<group>";
		};
/* End PBXVariantGroup section */

/* Begin XCBuildConfiguration section */
		FA0C839A1C340921001FD43F /* Debug */ = {
			isa = XCBuildConfiguration;
			buildSettings = {
				ALWAYS_SEARCH_USER_PATHS = NO;
				CLANG_CXX_LANGUAGE_STANDARD = "gnu++0x";
				CLANG_CXX_LIBRARY = "libc++";
				CLANG_ENABLE_MODULES = YES;
				CLANG_ENABLE_OBJC_ARC = YES;
				CLANG_WARN_BOOL_CONVERSION = YES;
				CLANG_WARN_CONSTANT_CONVERSION = YES;
				CLANG_WARN_DIRECT_OBJC_ISA_USAGE = YES_ERROR;
				CLANG_WARN_EMPTY_BODY = YES;
				CLANG_WARN_ENUM_CONVERSION = YES;
				CLANG_WARN_INT_CONVERSION = YES;
				CLANG_WARN_OBJC_ROOT_CLASS = YES_ERROR;
				CLANG_WARN_UNREACHABLE_CODE = YES;
				CLANG_WARN__DUPLICATE_METHOD_MATCH = YES;
				"CODE_SIGN_IDENTITY[sdk=iphoneos*]" = "iPhone Developer";
				COPY_PHASE_STRIP = NO;
				DEBUG_INFORMATION_FORMAT = dwarf;
				ENABLE_STRICT_OBJC_MSGSEND = YES;
				ENABLE_TESTABILITY = YES;
				GCC_C_LANGUAGE_STANDARD = gnu99;
				GCC_DYNAMIC_NO_PIC = NO;
				GCC_NO_COMMON_BLOCKS = YES;
				GCC_OPTIMIZATION_LEVEL = 0;
				GCC_PREPROCESSOR_DEFINITIONS = (
					"DEBUG=1",
					"$(inherited)",
				);
				GCC_WARN_64_TO_32_BIT_CONVERSION = YES;
				GCC_WARN_ABOUT_RETURN_TYPE = YES_ERROR;
				GCC_WARN_UNDECLARED_SELECTOR = YES;
				GCC_WARN_UNINITIALIZED_AUTOS = YES_AGGRESSIVE;
				GCC_WARN_UNUSED_FUNCTION = YES;
				GCC_WARN_UNUSED_VARIABLE = YES;
				IPHONEOS_DEPLOYMENT_TARGET = 9.2;
				MTL_ENABLE_DEBUG_INFO = YES;
				ONLY_ACTIVE_ARCH = YES;
				SDKROOT = iphoneos;
				SWIFT_OPTIMIZATION_LEVEL = "-Onone";
				TARGETED_DEVICE_FAMILY = "1,2";
			};
			name = Debug;
		};
		FA0C839B1C340921001FD43F /* Release */ = {
			isa = XCBuildConfiguration;
			buildSettings = {
				ALWAYS_SEARCH_USER_PATHS = NO;
				CLANG_CXX_LANGUAGE_STANDARD = "gnu++0x";
				CLANG_CXX_LIBRARY = "libc++";
				CLANG_ENABLE_MODULES = YES;
				CLANG_ENABLE_OBJC_ARC = YES;
				CLANG_WARN_BOOL_CONVERSION = YES;
				CLANG_WARN_CONSTANT_CONVERSION = YES;
				CLANG_WARN_DIRECT_OBJC_ISA_USAGE = YES_ERROR;
				CLANG_WARN_EMPTY_BODY = YES;
				CLANG_WARN_ENUM_CONVERSION = YES;
				CLANG_WARN_INT_CONVERSION = YES;
				CLANG_WARN_OBJC_ROOT_CLASS = YES_ERROR;
				CLANG_WARN_UNREACHABLE_CODE = YES;
				CLANG_WARN__DUPLICATE_METHOD_MATCH = YES;
				"CODE_SIGN_IDENTITY[sdk=iphoneos*]" = "iPhone Developer";
				COPY_PHASE_STRIP = NO;
				DEBUG_INFORMATION_FORMAT = "dwarf-with-dsym";
				ENABLE_NS_ASSERTIONS = NO;
				ENABLE_STRICT_OBJC_MSGSEND = YES;
				GCC_C_LANGUAGE_STANDARD = gnu99;
				GCC_NO_COMMON_BLOCKS = YES;
				GCC_WARN_64_TO_32_BIT_CONVERSION = YES;
				GCC_WARN_ABOUT_RETURN_TYPE = YES_ERROR;
				GCC_WARN_UNDECLARED_SELECTOR = YES;
				GCC_WARN_UNINITIALIZED_AUTOS = YES_AGGRESSIVE;
				GCC_WARN_UNUSED_FUNCTION = YES;
				GCC_WARN_UNUSED_VARIABLE = YES;
				IPHONEOS_DEPLOYMENT_TARGET = 9.2;
				MTL_ENABLE_DEBUG_INFO = NO;
				SDKROOT = iphoneos;
				TARGETED_DEVICE_FAMILY = "1,2";
				VALIDATE_PRODUCT = YES;
			};
			name = Release;
		};
		FA0C839D1C340921001FD43F /* Debug */ = {
			isa = XCBuildConfiguration;
			buildSettings = {
				ASSETCATALOG_COMPILER_APPICON_NAME = AppIcon;
				INFOPLIST_FILE = PictureBook/Info.plist;
				LD_RUNPATH_SEARCH_PATHS = "$(inherited) @executable_path/Frameworks";
				PRODUCT_BUNDLE_IDENTIFIER = hunglun.PictureBook;
				PRODUCT_NAME = "$(TARGET_NAME)";
			};
			name = Debug;
		};
		FA0C839E1C340921001FD43F /* Release */ = {
			isa = XCBuildConfiguration;
			buildSettings = {
				ASSETCATALOG_COMPILER_APPICON_NAME = AppIcon;
				INFOPLIST_FILE = PictureBook/Info.plist;
				LD_RUNPATH_SEARCH_PATHS = "$(inherited) @executable_path/Frameworks";
				PRODUCT_BUNDLE_IDENTIFIER = hunglun.PictureBook;
				PRODUCT_NAME = "$(TARGET_NAME)";
			};
			name = Release;
		};
/* End XCBuildConfiguration section */

/* Begin XCConfigurationList section */
		FA0C83851C340921001FD43F /* Build configuration list for PBXProject "PictureBook" */ = {
			isa = XCConfigurationList;
			buildConfigurations = (
				FA0C839A1C340921001FD43F /* Debug */,
				FA0C839B1C340921001FD43F /* Release */,
			);
			defaultConfigurationIsVisible = 0;
			defaultConfigurationName = Release;
		};
		FA0C839C1C340921001FD43F /* Build configuration list for PBXNativeTarget "PictureBook" */ = {
			isa = XCConfigurationList;
			buildConfigurations = (
				FA0C839D1C340921001FD43F /* Debug */,
				FA0C839E1C340921001FD43F /* Release */,
			);
			defaultConfigurationIsVisible = 0;
		};
/* End XCConfigurationList section */
	};
	rootObject = FA0C83821C340921001FD43F /* Project object */;
}
